{
  "name": "graph-ai",
  "version": "2.0.0",
  "lockfileVersion": 3,
  "requires": true,
  "packages": {
    "": {
      "name": "graph-ai",
      "version": "2.0.0",
      "license": "MIT",
      "bin": {
        "graph-ai": "bin/graph-ai.js"
      },
      "engines": {
        "node": ">=20"
      }
    }
  }
}
