{
  "name": "@grayscale-development/engram",
  "version": "3.3.0",
  "lockfileVersion": 3,
  "requires": true,
  "packages": {
    "": {
      "name": "@grayscale-development/engram",
      "version": "3.3.0",
      "license": "MIT",
      "bin": {
        "engram": "bin/engram.js",
        "engram-mcp": "bin/engram-mcp.js"
      },
      "engines": {
        "node": ">=20"
      }
    }
  }
}
